
Microsoft Visual Studio Solution File, Format Version 12.00
# Visual Studio Version 16
VisualStudioVersion = 16.0.29409.12
MinimumVisualStudioVersion = 10.0.40219.1
Project("{FAE04EC0-301F-11D3-BF4B-00C04F79EFBC}") = "HelloWorld", "HelloWorld\HelloWorld.csproj", "{F265511A-1B15-4C85-A745-EFA9725D54FC}"
EndProject
Global
	GlobalSection(SolutionConfigurationPlatforms) = preSolution
		Debug|Any CPU = Debug|Any CPU
		Release|Any CPU = Release|Any CPU
	EndGlobalSection
	GlobalSection(ProjectConfigurationPlatforms) = postSolution
		{F265511A-1B15-4C85-A745-EFA9725D54FC}.Debug|Any CPU.ActiveCfg = Debug|Any CPU
		{F265511A-1B15-4C85-A745-EFA9725D54FC}.Debug|Any CPU.Build.0 = Debug|Any CPU
		{F265511A-1B15-4C85-A745-EFA9725D54FC}.Release|Any CPU.ActiveCfg = Release|Any CPU
		{F265511A-1B15-4C85-A745-EFA9725D54FC}.Release|Any CPU.Build.0 = Release|Any CPU
	EndGlobalSection
	GlobalSection(SolutionProperties) = preSolution
		HideSolutionNode = FALSE
	EndGlobalSection
	GlobalSection(ExtensibilityGlobals) = postSolution
		SolutionGuid = {3B3DD327-BACF-4AB5-8D67-39395BC88772}
	EndGlobalSection
EndGlobal
