
Microsoft Visual Studio Solution File, Format Version 12.00
# Visual Studio Version 16
VisualStudioVersion = 16.0.29409.12
MinimumVisualStudioVersion = 10.0.40219.1
Project("{FAE04EC0-301F-11D3-BF4B-00C04F79EFBC}") = "Mili_KM", "Mili_KM\Mili_KM.csproj", "{58EA3DF7-BEE6-48C2-ABCD-40FCFF9ED4C4}"
EndProject
Global
	GlobalSection(SolutionConfigurationPlatforms) = preSolution
		Debug|Any CPU = Debug|Any CPU
		Release|Any CPU = Release|Any CPU
	EndGlobalSection
	GlobalSection(ProjectConfigurationPlatforms) = postSolution
		{58EA3DF7-BEE6-48C2-ABCD-40FCFF9ED4C4}.Debug|Any CPU.ActiveCfg = Debug|Any CPU
		{58EA3DF7-BEE6-48C2-ABCD-40FCFF9ED4C4}.Debug|Any CPU.Build.0 = Debug|Any CPU
		{58EA3DF7-BEE6-48C2-ABCD-40FCFF9ED4C4}.Release|Any CPU.ActiveCfg = Release|Any CPU
		{58EA3DF7-BEE6-48C2-ABCD-40FCFF9ED4C4}.Release|Any CPU.Build.0 = Release|Any CPU
	EndGlobalSection
	GlobalSection(SolutionProperties) = preSolution
		HideSolutionNode = FALSE
	EndGlobalSection
	GlobalSection(ExtensibilityGlobals) = postSolution
		SolutionGuid = {E7087A53-9C38-4B77-8E26-D7884C0010A7}
	EndGlobalSection
EndGlobal
